// !$*UTF8*$!
{
	archiveVersion = 1;
	classes = {
	};
	objectVersion = 50;
	objects = {

/* Begin PBXBuildFile section */
		BDA8937820A1D75800852558 /* AppDelegate.m in Sources */ = {isa = PBXBuildFile; fileRef = BDA8937720A1D75800852558 /* AppDelegate.m */; };
		BDA8937B20A1D75800852558 /* ViewController.m in Sources */ = {isa = PBXBuildFile; fileRef = BDA8937A20A1D75800852558 /* ViewController.m */; };
		BDA8937E20A1D75800852558 /* Main.storyboard in Resources */ = {isa = PBXBuildFile; fileRef = BDA8937C20A1D75800852558 /* Main.storyboard */; };
		BDA8938020A1D75900852558 /* Assets.xcassets in Resources */ = {isa = PBXBuildFile; fileRef = BDA8937F20A1D75900852558 /* Assets.xcassets */; };
		BDA8938320A1D75900852558 /* LaunchScreen.storyboard in Resources */ = {isa = PBXBuildFile; fileRef = BDA8938120A1D75900852558 /* LaunchScreen.storyboard */; };
		BDA8938620A1D75900852558 /* main.m in Sources */ = {isa = PBXBuildFile; fileRef = BDA8938520A1D75900852558 /* main.m */; };
		BDA8938E20A1D9FC00852558 /* AddCommentViewController.m in Sources */ = {isa = PBXBuildFile; fileRef = BDA8938D20A1D9FC00852558 /* AddCommentViewController.m */; };
/* End PBXBuildFile section */

/* Begin PBXFileReference section */
		BDA8937320A1D75800852558 /* Instagram.app */ = {isa = PBXFileReference; explicitFileType = wrapper.application; includeInIndex = 0; path = Instagram.app; sourceTree = BUILT_PRODUCTS_DIR; };
		BDA8937620A1D75800852558 /* AppDelegate.h */ = {isa = PBXFileReference; lastKnownFileType = sourcecode.c.h; path = AppDelegate.h; sourceTree = "<group>"; };
		BDA8937720A1D75800852558 /* AppDelegate.m */ = {isa = PBXFileReference; lastKnownFileType = sourcecode.c.objc; path = AppDelegate.m; sourceTree = "<group>"; };
		BDA8937920A1D75800852558 /* ViewController.h */ = {isa = PBXFileReference; lastKnownFileType = sourcecode.c.h; path = ViewController.h; sourceTree = "<group>"; };
		BDA8937A20A1D75800852558 /* ViewController.m */ = {isa = PBXFileReference; lastKnownFileType = sourcecode.c.objc; path = ViewController.m; sourceTree = "<group>"; };
		BDA8937D20A1D75800852558 /* Base */ = {isa = PBXFileReference; lastKnownFileType = file.storyboard; name = Base; path = Base.lproj/Main.storyboard; sourceTree = "<group>"; };
		BDA8937F20A1D75900852558 /* Assets.xcassets */ = {isa = PBXFileReference; lastKnownFileType = folder.assetcatalog; path = Assets.xcassets; sourceTree = "<group>"; };
		BDA8938220A1D75900852558 /* Base */ = {isa = PBXFileReference; lastKnownFileType = file.storyboard; name = Base; path = Base.lproj/LaunchScreen.storyboard; sourceTree = "<group>"; };
		BDA8938420A1D75900852558 /* Info.plist */ = {isa = PBXFileReference; lastKnownFileType = text.plist.xml; path = Info.plist; sourceTree = "<group>"; };
		BDA8938520A1D75900852558 /* main.m */ = {isa = PBXFileReference; lastKnownFileType = sourcecode.c.objc; path = main.m; sourceTree = "<group>"; };
		BDA8938C20A1D9FC00852558 /* AddCommentViewController.h */ = {isa = PBXFileReference; lastKnownFileType = sourcecode.c.h; path = AddCommentViewController.h; sourceTree = "<group>"; };
		BDA8938D20A1D9FC00852558 /* AddCommentViewController.m */ = {isa = PBXFileReference; lastKnownFileType = sourcecode.c.objc; path = AddCommentViewController.m; sourceTree = "<group>"; };
/* End PBXFileReference section */

/* Begin PBXFrameworksBuildPhase section */
		BDA8937020A1D75800852558 /* Frameworks */ = {
			isa = PBXFrameworksBuildPhase;
			buildActionMask = 2147483647;
			files = (
			);
			runOnlyForDeploymentPostprocessing = 0;
		};
/* End PBXFrameworksBuildPhase section */

/* Begin PBXGroup section */
		BDA8936A20A1D75800852558 = {
			isa = PBXGroup;
			children = (
				BDA8937520A1D75800852558 /* Instagram */,
				BDA8939020A1DA0C00852558 /* SupportingFiles */,
				BDA8937420A1D75800852558 /* Products */,
			);
			sourceTree = "<group>";
		};
		BDA8937420A1D75800852558 /* Products */ = {
			isa = PBXGroup;
			children = (
				BDA8937320A1D75800852558 /* Instagram.app */,
			);
			name = Products;
			sourceTree = "<group>";
		};
		BDA8937520A1D75800852558 /* Instagram */ = {
			isa = PBXGroup;
			children = (
				BDA8938420A1D75900852558 /* Info.plist */,
				BDA8939120A1DA2700852558 /* Views */,
				BDA8938F20A1DA0000852558 /* Controller */,
			);
			path = Instagram;
			sourceTree = "<group>";
		};
		BDA8938F20A1DA0000852558 /* Controller */ = {
			isa = PBXGroup;
			children = (
				BDA8937620A1D75800852558 /* AppDelegate.h */,
				BDA8937720A1D75800852558 /* AppDelegate.m */,
				BDA8937920A1D75800852558 /* ViewController.h */,
				BDA8937A20A1D75800852558 /* ViewController.m */,
				BDA8938C20A1D9FC00852558 /* AddCommentViewController.h */,
				BDA8938D20A1D9FC00852558 /* AddCommentViewController.m */,
			);
			path = Controller;
			sourceTree = "<group>";
		};
		BDA8939020A1DA0C00852558 /* SupportingFiles */ = {
			isa = PBXGroup;
			children = (
				BDA8938520A1D75900852558 /* main.m */,
			);
			path = SupportingFiles;
			sourceTree = "<group>";
		};
		BDA8939120A1DA2700852558 /* Views */ = {
			isa = PBXGroup;
			children = (
				BDA8937C20A1D75800852558 /* Main.storyboard */,
				BDA8937F20A1D75900852558 /* Assets.xcassets */,
				BDA8938120A1D75900852558 /* LaunchScreen.storyboard */,
			);
			path = Views;
			sourceTree = "<group>";
		};
/* End PBXGroup section */

/* Begin PBXNativeTarget section */
		BDA8937220A1D75800852558 /* Instagram */ = {
			isa = PBXNativeTarget;
			buildConfigurationList = BDA8938920A1D75900852558 /* Build configuration list for PBXNativeTarget "Instagram" */;
			buildPhases = (
				BDA8936F20A1D75800852558 /* Sources */,
				BDA8937020A1D75800852558 /* Frameworks */,
				BDA8937120A1D75800852558 /* Resources */,
			);
			buildRules = (
			);
			dependencies = (
			);
			name = Instagram;
			productName = Instagram;
			productReference = BDA8937320A1D75800852558 /* Instagram.app */;
			productType = "com.apple.product-type.application";
		};
/* End PBXNativeTarget section */

/* Begin PBXProject section */
		BDA8936B20A1D75800852558 /* Project object */ = {
			isa = PBXProject;
			attributes = {
				LastUpgradeCheck = 0930;
				ORGANIZATIONNAME = Creeptosis;
				TargetAttributes = {
					BDA8937220A1D75800852558 = {
						CreatedOnToolsVersion = 9.3;
					};
				};
			};
			buildConfigurationList = BDA8936E20A1D75800852558 /* Build configuration list for PBXProject "Instagram" */;
			compatibilityVersion = "Xcode 9.3";
			developmentRegion = en;
			hasScannedForEncodings = 0;
			knownRegions = (
				en,
				Base,
			);
			mainGroup = BDA8936A20A1D75800852558;
			productRefGroup = BDA8937420A1D75800852558 /* Products */;
			projectDirPath = "";
			projectRoot = "";
			targets = (
				BDA8937220A1D75800852558 /* Instagram */,
			);
		};
/* End PBXProject section */

/* Begin PBXResourcesBuildPhase section */
		BDA8937120A1D75800852558 /* Resources */ = {
			isa = PBXResourcesBuildPhase;
			buildActionMask = 2147483647;
			files = (
				BDA8938320A1D75900852558 /* LaunchScreen.storyboard in Resources */,
				BDA8938020A1D75900852558 /* Assets.xcassets in Resources */,
				BDA8937E20A1D75800852558 /* Main.storyboard in Resources */,
			);
			runOnlyForDeploymentPostprocessing = 0;
		};
/* End PBXResourcesBuildPhase section */

/* Begin PBXSourcesBuildPhase section */
		BDA8936F20A1D75800852558 /* Sources */ = {
			isa = PBXSourcesBuildPhase;
			buildActionMask = 2147483647;
			files = (
				BDA8938E20A1D9FC00852558 /* AddCommentViewController.m in Sources */,
				BDA8937B20A1D75800852558 /* ViewController.m in Sources */,
				BDA8938620A1D75900852558 /* main.m in Sources */,
				BDA8937820A1D75800852558 /* AppDelegate.m in Sources */,
			);
			runOnlyForDeploymentPostprocessing = 0;
		};
/* End PBXSourcesBuildPhase section */

/* Begin PBXVariantGroup section */
		BDA8937C20A1D75800852558 /* Main.storyboard */ = {
			isa = PBXVariantGroup;
			children = (
				BDA8937D20A1D75800852558 /* Base */,
			);
			name = Main.storyboard;
			sourceTree = "<group>";
		};
		BDA8938120A1D75900852558 /* LaunchScreen.storyboard */ = {
			isa = PBXVariantGroup;
			children = (
				BDA8938220A1D75900852558 /* Base */,
			);
			name = LaunchScreen.storyboard;
			sourceTree = "<group>";
		};
/* End PBXVariantGroup section */

/* Begin XCBuildConfiguration section */
		BDA8938720A1D75900852558 /* Debug */ = {
			isa = XCBuildConfiguration;
			buildSettings = {
				ALWAYS_SEARCH_USER_PATHS = NO;
				CLANG_ANALYZER_NONNULL = YES;
				CLANG_ANALYZER_NUMBER_OBJECT_CONVERSION = YES_AGGRESSIVE;
				CLANG_CXX_LANGUAGE_STANDARD = "gnu++14";
				CLANG_CXX_LIBRARY = "libc++";
				CLANG_ENABLE_MODULES = YES;
				CLANG_ENABLE_OBJC_ARC = YES;
				CLANG_ENABLE_OBJC_WEAK = YES;
				CLANG_WARN_BLOCK_CAPTURE_AUTORELEASING = YES;
				CLANG_WARN_BOOL_CONVERSION = YES;
				CLANG_WARN_COMMA = YES;
				CLANG_WARN_CONSTANT_CONVERSION = YES;
				CLANG_WARN_DEPRECATED_OBJC_IMPLEMENTATIONS = YES;
				CLANG_WARN_DIRECT_OBJC_ISA_USAGE = YES_ERROR;
				CLANG_WARN_DOCUMENTATION_COMMENTS = YES;
				CLANG_WARN_EMPTY_BODY = YES;
				CLANG_WARN_ENUM_CONVERSION = YES;
				CLANG_WARN_INFINITE_RECURSION = YES;
				CLANG_WARN_INT_CONVERSION = YES;
				CLANG_WARN_NON_LITERAL_NULL_CONVERSION = YES;
				CLANG_WARN_OBJC_IMPLICIT_RETAIN_SELF = YES;
				CLANG_WARN_OBJC_LITERAL_CONVERSION = YES;
				CLANG_WARN_OBJC_ROOT_CLASS = YES_ERROR;
				CLANG_WARN_RANGE_LOOP_ANALYSIS = YES;
				CLANG_WARN_STRICT_PROTOTYPES = YES;
				CLANG_WARN_SUSPICIOUS_MOVE = YES;
				CLANG_WARN_UNGUARDED_AVAILABILITY = YES_AGGRESSIVE;
				CLANG_WARN_UNREACHABLE_CODE = YES;
				CLANG_WARN__DUPLICATE_METHOD_MATCH = YES;
				CODE_SIGN_IDENTITY = "iPhone Developer";
				COPY_PHASE_STRIP = NO;
				DEBUG_INFORMATION_FORMAT = dwarf;
				ENABLE_STRICT_OBJC_MSGSEND = YES;
				ENABLE_TESTABILITY = YES;
				GCC_C_LANGUAGE_STANDARD = gnu11;
				GCC_DYNAMIC_NO_PIC = NO;
				GCC_NO_COMMON_BLOCKS = YES;
				GCC_OPTIMIZATION_LEVEL = 0;
				GCC_PREPROCESSOR_DEFINITIONS = (
					"DEBUG=1",
					"$(inherited)",
				);
				GCC_WARN_64_TO_32_BIT_CONVERSION = YES;
				GCC_WARN_ABOUT_RETURN_TYPE = YES_ERROR;
				GCC_WARN_UNDECLARED_SELECTOR = YES;
				GCC_WARN_UNINITIALIZED_AUTOS = YES_AGGRESSIVE;
				GCC_WARN_UNUSED_FUNCTION = YES;
				GCC_WARN_UNUSED_VARIABLE = YES;
				IPHONEOS_DEPLOYMENT_TARGET = 11.3;
				MTL_ENABLE_DEBUG_INFO = YES;
				ONLY_ACTIVE_ARCH = YES;
				SDKROOT = iphoneos;
			};
			name = Debug;
		};
		BDA8938820A1D75900852558 /* Release */ = {
			isa = XCBuildConfiguration;
			buildSettings = {
				ALWAYS_SEARCH_USER_PATHS = NO;
				CLANG_ANALYZER_NONNULL = YES;
				CLANG_ANALYZER_NUMBER_OBJECT_CONVERSION = YES_AGGRESSIVE;
				CLANG_CXX_LANGUAGE_STANDARD = "gnu++14";
				CLANG_CXX_LIBRARY = "libc++";
				CLANG_ENABLE_MODULES = YES;
				CLANG_ENABLE_OBJC_ARC = YES;
				CLANG_ENABLE_OBJC_WEAK = YES;
				CLANG_WARN_BLOCK_CAPTURE_AUTORELEASING = YES;
				CLANG_WARN_BOOL_CONVERSION = YES;
				CLANG_WARN_COMMA = YES;
				CLANG_WARN_CONSTANT_CONVERSION = YES;
				CLANG_WARN_DEPRECATED_OBJC_IMPLEMENTATIONS = YES;
				CLANG_WARN_DIRECT_OBJC_ISA_USAGE = YES_ERROR;
				CLANG_WARN_DOCUMENTATION_COMMENTS = YES;
				CLANG_WARN_EMPTY_BODY = YES;
				CLANG_WARN_ENUM_CONVERSION = YES;
				CLANG_WARN_INFINITE_RECURSION = YES;
				CLANG_WARN_INT_CONVERSION = YES;
				CLANG_WARN_NON_LITERAL_NULL_CONVERSION = YES;
				CLANG_WARN_OBJC_IMPLICIT_RETAIN_SELF = YES;
				CLANG_WARN_OBJC_LITERAL_CONVERSION = YES;
				CLANG_WARN_OBJC_ROOT_CLASS = YES_ERROR;
				CLANG_WARN_RANGE_LOOP_ANALYSIS = YES;
				CLANG_WARN_STRICT_PROTOTYPES = YES;
				CLANG_WARN_SUSPICIOUS_MOVE = YES;
				CLANG_WARN_UNGUARDED_AVAILABILITY = YES_AGGRESSIVE;
				CLANG_WARN_UNREACHABLE_CODE = YES;
				CLANG_WARN__DUPLICATE_METHOD_MATCH = YES;
				CODE_SIGN_IDENTITY = "iPhone Developer";
				COPY_PHASE_STRIP = NO;
				DEBUG_INFORMATION_FORMAT = "dwarf-with-dsym";
				ENABLE_NS_ASSERTIONS = NO;
				ENABLE_STRICT_OBJC_MSGSEND = YES;
				GCC_C_LANGUAGE_STANDARD = gnu11;
				GCC_NO_COMMON_BLOCKS = YES;
				GCC_WARN_64_TO_32_BIT_CONVERSION = YES;
				GCC_WARN_ABOUT_RETURN_TYPE = YES_ERROR;
				GCC_WARN_UNDECLARED_SELECTOR = YES;
				GCC_WARN_UNINITIALIZED_AUTOS = YES_AGGRESSIVE;
				GCC_WARN_UNUSED_FUNCTION = YES;
				GCC_WARN_UNUSED_VARIABLE = YES;
				IPHONEOS_DEPLOYMENT_TARGET = 11.3;
				MTL_ENABLE_DEBUG_INFO = NO;
				SDKROOT = iphoneos;
				VALIDATE_PRODUCT = YES;
			};
			name = Release;
		};
		BDA8938A20A1D75900852558 /* Debug */ = {
			isa = XCBuildConfiguration;
			buildSettings = {
				ASSETCATALOG_COMPILER_APPICON_NAME = AppIcon;
				CODE_SIGN_STYLE = Automatic;
				DEVELOPMENT_TEAM = 4YY8VX9GWG;
				INFOPLIST_FILE = Instagram/Info.plist;
				LD_RUNPATH_SEARCH_PATHS = (
					"$(inherited)",
					"@executable_path/Frameworks",
				);
				ONLY_ACTIVE_ARCH = NO;
				PRODUCT_BUNDLE_IDENTIFIER = com.BenjaminLim.Instagram;
				PRODUCT_NAME = "$(TARGET_NAME)";
				TARGETED_DEVICE_FAMILY = "1,2";
			};
			name = Debug;
		};
		BDA8938B20A1D75900852558 /* Release */ = {
			isa = XCBuildConfiguration;
			buildSettings = {
				ASSETCATALOG_COMPILER_APPICON_NAME = AppIcon;
				CODE_SIGN_STYLE = Automatic;
				DEVELOPMENT_TEAM = 4YY8VX9GWG;
				INFOPLIST_FILE = Instagram/Info.plist;
				LD_RUNPATH_SEARCH_PATHS = (
					"$(inherited)",
					"@executable_path/Frameworks",
				);
				PRODUCT_BUNDLE_IDENTIFIER = com.BenjaminLim.Instagram;
				PRODUCT_NAME = "$(TARGET_NAME)";
				TARGETED_DEVICE_FAMILY = "1,2";
			};
			name = Release;
		};
/* End XCBuildConfiguration section */

/* Begin XCConfigurationList section */
		BDA8936E20A1D75800852558 /* Build configuration list for PBXProject "Instagram" */ = {
			isa = XCConfigurationList;
			buildConfigurations = (
				BDA8938720A1D75900852558 /* Debug */,
				BDA8938820A1D75900852558 /* Release */,
			);
			defaultConfigurationIsVisible = 0;
			defaultConfigurationName = Release;
		};
		BDA8938920A1D75900852558 /* Build configuration list for PBXNativeTarget "Instagram" */ = {
			isa = XCConfigurationList;
			buildConfigurations = (
				BDA8938A20A1D75900852558 /* Debug */,
				BDA8938B20A1D75900852558 /* Release */,
			);
			defaultConfigurationIsVisible = 0;
			defaultConfigurationName = Release;
		};
/* End XCConfigurationList section */
	};
	rootObject = BDA8936B20A1D75800852558 /* Project object */;
}
